
Microsoft Visual Studio Solution File, Format Version 12.00
# Visual Studio Version 17
VisualStudioVersion = 17.0.31903.59
MinimumVisualStudioVersion = 10.0.40219.1
Project("{2150E333-8FDC-42A3-9474-1A3956D46DE8}") = "src", "src", "{827E0CD3-B72D-47B6-A68D-7590B98EB39B}"
EndProject
Project("{FAE04EC0-301F-11D3-BF4B-00C04F79EFBC}") = "Hataori.Core", "src\Hataori.Core\Hataori.Core.csproj", "{8F67CB33-9863-436F-BED0-8B71039B90FE}"
EndProject
Project("{FAE04EC0-301F-11D3-BF4B-00C04F79EFBC}") = "Hataori.Application", "src\Hataori.Application\Hataori.Application.csproj", "{672736B4-7406-4D17-B523-0D499B1EAAC2}"
EndProject
Project("{FAE04EC0-301F-11D3-BF4B-00C04F79EFBC}") = "Hataori.Infrastructure", "src\Hataori.Infrastructure\Hataori.Infrastructure.csproj", "{09EAA1E4-D595-46CE-AFEC-FB5ABB84F747}"
EndProject
Project("{FAE04EC0-301F-11D3-BF4B-00C04F79EFBC}") = "Hataori.Server", "src\Hataori.Server\Hataori.Server.csproj", "{3E3E1A97-AF07-4D55-AE0A-A19B4CBA4DEC}"
EndProject
Project("{FAE04EC0-301F-11D3-BF4B-00C04F79EFBC}") = "Hataori.Cli", "src\Hataori.Cli\Hataori.Cli.csproj", "{1086CAB3-3BAF-4FE4-905C-C31A3A7B2F5F}"
EndProject
Project("{2150E333-8FDC-42A3-9474-1A3956D46DE8}") = "tests", "tests", "{0AB3BF05-4346-4AA6-1389-037BE0695223}"
EndProject
Project("{FAE04EC0-301F-11D3-BF4B-00C04F79EFBC}") = "Hataori.Core.Tests", "tests\Hataori.Core.Tests\Hataori.Core.Tests.csproj", "{84CE0236-6574-4352-89CB-4D1B3A9EAA91}"
EndProject
Project("{FAE04EC0-301F-11D3-BF4B-00C04F79EFBC}") = "Hataori.Infrastructure.Tests", "tests\Hataori.Infrastructure.Tests\Hataori.Infrastructure.Tests.csproj", "{E41CACA9-2532-45A1-B3EB-AA53AAF7D48C}"
EndProject
Global
	GlobalSection(SolutionConfigurationPlatforms) = preSolution
		Debug|Any CPU = Debug|Any CPU
		Debug|x64 = Debug|x64
		Debug|x86 = Debug|x86
		Release|Any CPU = Release|Any CPU
		Release|x64 = Release|x64
		Release|x86 = Release|x86
	EndGlobalSection
	GlobalSection(ProjectConfigurationPlatforms) = postSolution
		{8F67CB33-9863-436F-BED0-8B71039B90FE}.Debug|Any CPU.ActiveCfg = Debug|Any CPU
		{8F67CB33-9863-436F-BED0-8B71039B90FE}.Debug|Any CPU.Build.0 = Debug|Any CPU
		{8F67CB33-9863-436F-BED0-8B71039B90FE}.Debug|x64.ActiveCfg = Debug|Any CPU
		{8F67CB33-9863-436F-BED0-8B71039B90FE}.Debug|x64.Build.0 = Debug|Any CPU
		{8F67CB33-9863-436F-BED0-8B71039B90FE}.Debug|x86.ActiveCfg = Debug|Any CPU
		{8F67CB33-9863-436F-BED0-8B71039B90FE}.Debug|x86.Build.0 = Debug|Any CPU
		{8F67CB33-9863-436F-BED0-8B71039B90FE}.Release|Any CPU.ActiveCfg = Release|Any CPU
		{8F67CB33-9863-436F-BED0-8B71039B90FE}.Release|Any CPU.Build.0 = Release|Any CPU
		{8F67CB33-9863-436F-BED0-8B71039B90FE}.Release|x64.ActiveCfg = Release|Any CPU
		{8F67CB33-9863-436F-BED0-8B71039B90FE}.Release|x64.Build.0 = Release|Any CPU
		{8F67CB33-9863-436F-BED0-8B71039B90FE}.Release|x86.ActiveCfg = Release|Any CPU
		{8F67CB33-9863-436F-BED0-8B71039B90FE}.Release|x86.Build.0 = Release|Any CPU
		{672736B4-7406-4D17-B523-0D499B1EAAC2}.Debug|Any CPU.ActiveCfg = Debug|Any CPU
		{672736B4-7406-4D17-B523-0D499B1EAAC2}.Debug|Any CPU.Build.0 = Debug|Any CPU
		{672736B4-7406-4D17-B523-0D499B1EAAC2}.Debug|x64.ActiveCfg = Debug|Any CPU
		{672736B4-7406-4D17-B523-0D499B1EAAC2}.Debug|x64.Build.0 = Debug|Any CPU
		{672736B4-7406-4D17-B523-0D499B1EAAC2}.Debug|x86.ActiveCfg = Debug|Any CPU
		{672736B4-7406-4D17-B523-0D499B1EAAC2}.Debug|x86.Build.0 = Debug|Any CPU
		{672736B4-7406-4D17-B523-0D499B1EAAC2}.Release|Any CPU.ActiveCfg = Release|Any CPU
		{672736B4-7406-4D17-B523-0D499B1EAAC2}.Release|Any CPU.Build.0 = Release|Any CPU
		{672736B4-7406-4D17-B523-0D499B1EAAC2}.Release|x64.ActiveCfg = Release|Any CPU
		{672736B4-7406-4D17-B523-0D499B1EAAC2}.Release|x64.Build.0 = Release|Any CPU
		{672736B4-7406-4D17-B523-0D499B1EAAC2}.Release|x86.ActiveCfg = Release|Any CPU
		{672736B4-7406-4D17-B523-0D499B1EAAC2}.Release|x86.Build.0 = Release|Any CPU
		{09EAA1E4-D595-46CE-AFEC-FB5ABB84F747}.Debug|Any CPU.ActiveCfg = Debug|Any CPU
		{09EAA1E4-D595-46CE-AFEC-FB5ABB84F747}.Debug|Any CPU.Build.0 = Debug|Any CPU
		{09EAA1E4-D595-46CE-AFEC-FB5ABB84F747}.Debug|x64.ActiveCfg = Debug|Any CPU
		{09EAA1E4-D595-46CE-AFEC-FB5ABB84F747}.Debug|x64.Build.0 = Debug|Any CPU
		{09EAA1E4-D595-46CE-AFEC-FB5ABB84F747}.Debug|x86.ActiveCfg = Debug|Any CPU
		{09EAA1E4-D595-46CE-AFEC-FB5ABB84F747}.Debug|x86.Build.0 = Debug|Any CPU
		{09EAA1E4-D595-46CE-AFEC-FB5ABB84F747}.Release|Any CPU.ActiveCfg = Release|Any CPU
		{09EAA1E4-D595-46CE-AFEC-FB5ABB84F747}.Release|Any CPU.Build.0 = Release|Any CPU
		{09EAA1E4-D595-46CE-AFEC-FB5ABB84F747}.Release|x64.ActiveCfg = Release|Any CPU
		{09EAA1E4-D595-46CE-AFEC-FB5ABB84F747}.Release|x64.Build.0 = Release|Any CPU
		{09EAA1E4-D595-46CE-AFEC-FB5ABB84F747}.Release|x86.ActiveCfg = Release|Any CPU
		{09EAA1E4-D595-46CE-AFEC-FB5ABB84F747}.Release|x86.Build.0 = Release|Any CPU
		{3E3E1A97-AF07-4D55-AE0A-A19B4CBA4DEC}.Debug|Any CPU.ActiveCfg = Debug|Any CPU
		{3E3E1A97-AF07-4D55-AE0A-A19B4CBA4DEC}.Debug|Any CPU.Build.0 = Debug|Any CPU
		{3E3E1A97-AF07-4D55-AE0A-A19B4CBA4DEC}.Debug|x64.ActiveCfg = Debug|Any CPU
		{3E3E1A97-AF07-4D55-AE0A-A19B4CBA4DEC}.Debug|x64.Build.0 = Debug|Any CPU
		{3E3E1A97-AF07-4D55-AE0A-A19B4CBA4DEC}.Debug|x86.ActiveCfg = Debug|Any CPU
		{3E3E1A97-AF07-4D55-AE0A-A19B4CBA4DEC}.Debug|x86.Build.0 = Debug|Any CPU
		{3E3E1A97-AF07-4D55-AE0A-A19B4CBA4DEC}.Release|Any CPU.ActiveCfg = Release|Any CPU
		{3E3E1A97-AF07-4D55-AE0A-A19B4CBA4DEC}.Release|Any CPU.Build.0 = Release|Any CPU
		{3E3E1A97-AF07-4D55-AE0A-A19B4CBA4DEC}.Release|x64.ActiveCfg = Release|Any CPU
		{3E3E1A97-AF07-4D55-AE0A-A19B4CBA4DEC}.Release|x64.Build.0 = Release|Any CPU
		{3E3E1A97-AF07-4D55-AE0A-A19B4CBA4DEC}.Release|x86.ActiveCfg = Release|Any CPU
		{3E3E1A97-AF07-4D55-AE0A-A19B4CBA4DEC}.Release|x86.Build.0 = Release|Any CPU
		{1086CAB3-3BAF-4FE4-905C-C31A3A7B2F5F}.Debug|Any CPU.ActiveCfg = Debug|Any CPU
		{1086CAB3-3BAF-4FE4-905C-C31A3A7B2F5F}.Debug|Any CPU.Build.0 = Debug|Any CPU
		{1086CAB3-3BAF-4FE4-905C-C31A3A7B2F5F}.Debug|x64.ActiveCfg = Debug|Any CPU
		{1086CAB3-3BAF-4FE4-905C-C31A3A7B2F5F}.Debug|x64.Build.0 = Debug|Any CPU
		{1086CAB3-3BAF-4FE4-905C-C31A3A7B2F5F}.Debug|x86.ActiveCfg = Debug|Any CPU
		{1086CAB3-3BAF-4FE4-905C-C31A3A7B2F5F}.Debug|x86.Build.0 = Debug|Any CPU
		{1086CAB3-3BAF-4FE4-905C-C31A3A7B2F5F}.Release|Any CPU.ActiveCfg = Release|Any CPU
		{1086CAB3-3BAF-4FE4-905C-C31A3A7B2F5F}.Release|Any CPU.Build.0 = Release|Any CPU
		{1086CAB3-3BAF-4FE4-905C-C31A3A7B2F5F}.Release|x64.ActiveCfg = Release|Any CPU
		{1086CAB3-3BAF-4FE4-905C-C31A3A7B2F5F}.Release|x64.Build.0 = Release|Any CPU
		{1086CAB3-3BAF-4FE4-905C-C31A3A7B2F5F}.Release|x86.ActiveCfg = Release|Any CPU
		{1086CAB3-3BAF-4FE4-905C-C31A3A7B2F5F}.Release|x86.Build.0 = Release|Any CPU
		{84CE0236-6574-4352-89CB-4D1B3A9EAA91}.Debug|Any CPU.ActiveCfg = Debug|Any CPU
		{84CE0236-6574-4352-89CB-4D1B3A9EAA91}.Debug|Any CPU.Build.0 = Debug|Any CPU
		{84CE0236-6574-4352-89CB-4D1B3A9EAA91}.Debug|x64.ActiveCfg = Debug|Any CPU
		{84CE0236-6574-4352-89CB-4D1B3A9EAA91}.Debug|x64.Build.0 = Debug|Any CPU
		{84CE0236-6574-4352-89CB-4D1B3A9EAA91}.Debug|x86.ActiveCfg = Debug|Any CPU
		{84CE0236-6574-4352-89CB-4D1B3A9EAA91}.Debug|x86.Build.0 = Debug|Any CPU
		{84CE0236-6574-4352-89CB-4D1B3A9EAA91}.Release|Any CPU.ActiveCfg = Release|Any CPU
		{84CE0236-6574-4352-89CB-4D1B3A9EAA91}.Release|Any CPU.Build.0 = Release|Any CPU
		{84CE0236-6574-4352-89CB-4D1B3A9EAA91}.Release|x64.ActiveCfg = Release|Any CPU
		{84CE0236-6574-4352-89CB-4D1B3A9EAA91}.Release|x64.Build.0 = Release|Any CPU
		{84CE0236-6574-4352-89CB-4D1B3A9EAA91}.Release|x86.ActiveCfg = Release|Any CPU
		{84CE0236-6574-4352-89CB-4D1B3A9EAA91}.Release|x86.Build.0 = Release|Any CPU
		{E41CACA9-2532-45A1-B3EB-AA53AAF7D48C}.Debug|Any CPU.ActiveCfg = Debug|Any CPU
		{E41CACA9-2532-45A1-B3EB-AA53AAF7D48C}.Debug|Any CPU.Build.0 = Debug|Any CPU
		{E41CACA9-2532-45A1-B3EB-AA53AAF7D48C}.Debug|x64.ActiveCfg = Debug|Any CPU
		{E41CACA9-2532-45A1-B3EB-AA53AAF7D48C}.Debug|x64.Build.0 = Debug|Any CPU
		{E41CACA9-2532-45A1-B3EB-AA53AAF7D48C}.Debug|x86.ActiveCfg = Debug|Any CPU
		{E41CACA9-2532-45A1-B3EB-AA53AAF7D48C}.Debug|x86.Build.0 = Debug|Any CPU
		{E41CACA9-2532-45A1-B3EB-AA53AAF7D48C}.Release|Any CPU.ActiveCfg = Release|Any CPU
		{E41CACA9-2532-45A1-B3EB-AA53AAF7D48C}.Release|Any CPU.Build.0 = Release|Any CPU
		{E41CACA9-2532-45A1-B3EB-AA53AAF7D48C}.Release|x64.ActiveCfg = Release|Any CPU
		{E41CACA9-2532-45A1-B3EB-AA53AAF7D48C}.Release|x64.Build.0 = Release|Any CPU
		{E41CACA9-2532-45A1-B3EB-AA53AAF7D48C}.Release|x86.ActiveCfg = Release|Any CPU
		{E41CACA9-2532-45A1-B3EB-AA53AAF7D48C}.Release|x86.Build.0 = Release|Any CPU
	EndGlobalSection
	GlobalSection(SolutionProperties) = preSolution
		HideSolutionNode = FALSE
	EndGlobalSection
	GlobalSection(NestedProjects) = preSolution
		{8F67CB33-9863-436F-BED0-8B71039B90FE} = {827E0CD3-B72D-47B6-A68D-7590B98EB39B}
		{672736B4-7406-4D17-B523-0D499B1EAAC2} = {827E0CD3-B72D-47B6-A68D-7590B98EB39B}
		{09EAA1E4-D595-46CE-AFEC-FB5ABB84F747} = {827E0CD3-B72D-47B6-A68D-7590B98EB39B}
		{3E3E1A97-AF07-4D55-AE0A-A19B4CBA4DEC} = {827E0CD3-B72D-47B6-A68D-7590B98EB39B}
		{1086CAB3-3BAF-4FE4-905C-C31A3A7B2F5F} = {827E0CD3-B72D-47B6-A68D-7590B98EB39B}
		{84CE0236-6574-4352-89CB-4D1B3A9EAA91} = {0AB3BF05-4346-4AA6-1389-037BE0695223}
		{E41CACA9-2532-45A1-B3EB-AA53AAF7D48C} = {0AB3BF05-4346-4AA6-1389-037BE0695223}
	EndGlobalSection
EndGlobal
